// !$*UTF8*$!
{
	archiveVersion = 1;
	classes = {
	};
	objectVersion = 46;
	objects = {

/* Begin PBXBuildFile section */
		5136C2F91DE6125600341DAC /* AppDelegate.swift in Sources */ = {isa = PBXBuildFile; fileRef = 5136C2F81DE6125600341DAC /* AppDelegate.swift */; };
		5136C2FB1DE6125600341DAC /* ViewController.swift in Sources */ = {isa = PBXBuildFile; fileRef = 5136C2FA1DE6125600341DAC /* ViewController.swift */; };
		5136C2FE1DE6125600341DAC /* Main.storyboard in Resources */ = {isa = PBXBuildFile; fileRef = 5136C2FC1DE6125600341DAC /* Main.storyboard */; };
		5136C3001DE6125600341DAC /* Assets.xcassets in Resources */ = {isa = PBXBuildFile; fileRef = 5136C2FF1DE6125600341DAC /* Assets.xcassets */; };
		5136C3031DE6125600341DAC /* LaunchScreen.storyboard in Resources */ = {isa = PBXBuildFile; fileRef = 5136C3011DE6125600341DAC /* LaunchScreen.storyboard */; };
		5136C31E1DE6132000341DAC /* CommonTools.swift in Sources */ = {isa = PBXBuildFile; fileRef = 5136C30C1DE6132000341DAC /* CommonTools.swift */; };
		5136C31F1DE6132000341DAC /* Ext+UIBarButtonItem.swift in Sources */ = {isa = PBXBuildFile; fileRef = 5136C30E1DE6132000341DAC /* Ext+UIBarButtonItem.swift */; };
		5136C3201DE6132000341DAC /* Ext+UIButton.swift in Sources */ = {isa = PBXBuildFile; fileRef = 5136C30F1DE6132000341DAC /* Ext+UIButton.swift */; };
		5136C3211DE6132000341DAC /* LSNetworkTools.swift in Sources */ = {isa = PBXBuildFile; fileRef = 5136C3101DE6132000341DAC /* LSNetworkTools.swift */; };
		5136C3221DE6132000341DAC /* 1.png in Resources */ = {isa = PBXBuildFile; fileRef = 5136C3121DE6132000341DAC /* 1.png */; };
		5136C3231DE6132000341DAC /* 2.png in Resources */ = {isa = PBXBuildFile; fileRef = 5136C3131DE6132000341DAC /* 2.png */; };
		5136C3241DE6132000341DAC /* 3.png in Resources */ = {isa = PBXBuildFile; fileRef = 5136C3141DE6132000341DAC /* 3.png */; };
		5136C3251DE6132000341DAC /* LSUserAccountModel.swift in Sources */ = {isa = PBXBuildFile; fileRef = 5136C3161DE6132000341DAC /* LSUserAccountModel.swift */; };
		5136C3261DE6132000341DAC /* LSUserModel.swift in Sources */ = {isa = PBXBuildFile; fileRef = 5136C3171DE6132000341DAC /* LSUserModel.swift */; };
		5136C3271DE6132000341DAC /* readMe.md in Sources */ = {isa = PBXBuildFile; fileRef = 5136C3181DE6132000341DAC /* readMe.md */; };
		5136C3281DE6132000341DAC /* LSOAuthViewController.swift in Sources */ = {isa = PBXBuildFile; fileRef = 5136C31B1DE6132000341DAC /* LSOAuthViewController.swift */; };
		5136C3291DE6132000341DAC /* LSUserAccountViewModel.swift in Sources */ = {isa = PBXBuildFile; fileRef = 5136C31D1DE6132000341DAC /* LSUserAccountViewModel.swift */; };
		DCFF608330225CD17B3C65DD /* Pods_LSOAuth.framework in Frameworks */ = {isa = PBXBuildFile; fileRef = 1B226FDD8F8D2820304BE56B /* Pods_LSOAuth.framework */; };
/* End PBXBuildFile section */

/* Begin PBXFileReference section */
		1B226FDD8F8D2820304BE56B /* Pods_LSOAuth.framework */ = {isa = PBXFileReference; explicitFileType = wrapper.framework; includeInIndex = 0; path = Pods_LSOAuth.framework; sourceTree = BUILT_PRODUCTS_DIR; };
		5136C2F51DE6125600341DAC /* LSOAuth.app */ = {isa = PBXFileReference; explicitFileType = wrapper.application; includeInIndex = 0; path = LSOAuth.app; sourceTree = BUILT_PRODUCTS_DIR; };
		5136C2F81DE6125600341DAC /* AppDelegate.swift */ = {isa = PBXFileReference; lastKnownFileType = sourcecode.swift; path = AppDelegate.swift; sourceTree = "<group>"; };
		5136C2FA1DE6125600341DAC /* ViewController.swift */ = {isa = PBXFileReference; lastKnownFileType = sourcecode.swift; path = ViewController.swift; sourceTree = "<group>"; };
		5136C2FD1DE6125600341DAC /* Base */ = {isa = PBXFileReference; lastKnownFileType = file.storyboard; name = Base; path = Base.lproj/Main.storyboard; sourceTree = "<group>"; };
		5136C2FF1DE6125600341DAC /* Assets.xcassets */ = {isa = PBXFileReference; lastKnownFileType = folder.assetcatalog; path = Assets.xcassets; sourceTree = "<group>"; };
		5136C3021DE6125600341DAC /* Base */ = {isa = PBXFileReference; lastKnownFileType = file.storyboard; name = Base; path = Base.lproj/LaunchScreen.storyboard; sourceTree = "<group>"; };
		5136C3041DE6125600341DAC /* Info.plist */ = {isa = PBXFileReference; lastKnownFileType = text.plist.xml; path = Info.plist; sourceTree = "<group>"; };
		5136C30C1DE6132000341DAC /* CommonTools.swift */ = {isa = PBXFileReference; fileEncoding = 4; lastKnownFileType = sourcecode.swift; path = CommonTools.swift; sourceTree = "<group>"; };
		5136C30E1DE6132000341DAC /* Ext+UIBarButtonItem.swift */ = {isa = PBXFileReference; fileEncoding = 4; lastKnownFileType = sourcecode.swift; path = "Ext+UIBarButtonItem.swift"; sourceTree = "<group>"; };
		5136C30F1DE6132000341DAC /* Ext+UIButton.swift */ = {isa = PBXFileReference; fileEncoding = 4; lastKnownFileType = sourcecode.swift; path = "Ext+UIButton.swift"; sourceTree = "<group>"; };
		5136C3101DE6132000341DAC /* LSNetworkTools.swift */ = {isa = PBXFileReference; fileEncoding = 4; lastKnownFileType = sourcecode.swift; path = LSNetworkTools.swift; sourceTree = "<group>"; };
		5136C3121DE6132000341DAC /* 1.png */ = {isa = PBXFileReference; lastKnownFileType = image.png; path = 1.png; sourceTree = "<group>"; };
		5136C3131DE6132000341DAC /* 2.png */ = {isa = PBXFileReference; lastKnownFileType = image.png; path = 2.png; sourceTree = "<group>"; };
		5136C3141DE6132000341DAC /* 3.png */ = {isa = PBXFileReference; lastKnownFileType = image.png; path = 3.png; sourceTree = "<group>"; };
		5136C3161DE6132000341DAC /* LSUserAccountModel.swift */ = {isa = PBXFileReference; fileEncoding = 4; lastKnownFileType = sourcecode.swift; path = LSUserAccountModel.swift; sourceTree = "<group>"; };
		5136C3171DE6132000341DAC /* LSUserModel.swift */ = {isa = PBXFileReference; fileEncoding = 4; lastKnownFileType = sourcecode.swift; path = LSUserModel.swift; sourceTree = "<group>"; };
		5136C3181DE6132000341DAC /* readMe.md */ = {isa = PBXFileReference; fileEncoding = 4; lastKnownFileType = net.daringfireball.markdown; path = readMe.md; sourceTree = "<group>"; };
		5136C31B1DE6132000341DAC /* LSOAuthViewController.swift */ = {isa = PBXFileReference; fileEncoding = 4; lastKnownFileType = sourcecode.swift; path = LSOAuthViewController.swift; sourceTree = "<group>"; };
		5136C31D1DE6132000341DAC /* LSUserAccountViewModel.swift */ = {isa = PBXFileReference; fileEncoding = 4; lastKnownFileType = sourcecode.swift; path = LSUserAccountViewModel.swift; sourceTree = "<group>"; };
		9339BAC79CB24A29739CE361 /* Pods-LSOAuth.debug.xcconfig */ = {isa = PBXFileReference; includeInIndex = 1; lastKnownFileType = text.xcconfig; name = "Pods-LSOAuth.debug.xcconfig"; path = "Pods/Target Support Files/Pods-LSOAuth/Pods-LSOAuth.debug.xcconfig"; sourceTree = "<group>"; };
		9E9AF75F350BE424F376ADAB /* Pods-LSOAuth.release.xcconfig */ = {isa = PBXFileReference; includeInIndex = 1; lastKnownFileType = text.xcconfig; name = "Pods-LSOAuth.release.xcconfig"; path = "Pods/Target Support Files/Pods-LSOAuth/Pods-LSOAuth.release.xcconfig"; sourceTree = "<group>"; };
/* End PBXFileReference section */

/* Begin PBXFrameworksBuildPhase section */
		5136C2F21DE6125600341DAC /* Frameworks */ = {
			isa = PBXFrameworksBuildPhase;
			buildActionMask = 2147483647;
			files = (
				DCFF608330225CD17B3C65DD /* Pods_LSOAuth.framework in Frameworks */,
			);
			runOnlyForDeploymentPostprocessing = 0;
		};
/* End PBXFrameworksBuildPhase section */

/* Begin PBXGroup section */
		5136C2EC1DE6125600341DAC = {
			isa = PBXGroup;
			children = (
				5136C2F71DE6125600341DAC /* LSOAuth */,
				5136C2F61DE6125600341DAC /* Products */,
				9A2DA74AEDDC9DFE9625921A /* Pods */,
				A338D41606444AA5A821EF73 /* Frameworks */,
			);
			sourceTree = "<group>";
		};
		5136C2F61DE6125600341DAC /* Products */ = {
			isa = PBXGroup;
			children = (
				5136C2F51DE6125600341DAC /* LSOAuth.app */,
			);
			name = Products;
			sourceTree = "<group>";
		};
		5136C2F71DE6125600341DAC /* LSOAuth */ = {
			isa = PBXGroup;
			children = (
				5136C30A1DE6132000341DAC /* JK_OAuth */,
				5136C2F81DE6125600341DAC /* AppDelegate.swift */,
				5136C2FA1DE6125600341DAC /* ViewController.swift */,
				5136C2FC1DE6125600341DAC /* Main.storyboard */,
				5136C2FF1DE6125600341DAC /* Assets.xcassets */,
				5136C3011DE6125600341DAC /* LaunchScreen.storyboard */,
				5136C3041DE6125600341DAC /* Info.plist */,
			);
			path = LSOAuth;
			sourceTree = "<group>";
		};
		5136C30A1DE6132000341DAC /* JK_OAuth */ = {
			isa = PBXGroup;
			children = (
				5136C30B1DE6132000341DAC /* Common */,
				5136C3111DE6132000341DAC /* img */,
				5136C3151DE6132000341DAC /* Model */,
				5136C3181DE6132000341DAC /* readMe.md */,
				5136C3191DE6132000341DAC /* View */,
				5136C31C1DE6132000341DAC /* ViewModel */,
			);
			path = JK_OAuth;
			sourceTree = "<group>";
		};
		5136C30B1DE6132000341DAC /* Common */ = {
			isa = PBXGroup;
			children = (
				5136C30C1DE6132000341DAC /* CommonTools.swift */,
				5136C30D1DE6132000341DAC /* Extension */,
				5136C3101DE6132000341DAC /* LSNetworkTools.swift */,
			);
			path = Common;
			sourceTree = "<group>";
		};
		5136C30D1DE6132000341DAC /* Extension */ = {
			isa = PBXGroup;
			children = (
				5136C30E1DE6132000341DAC /* Ext+UIBarButtonItem.swift */,
				5136C30F1DE6132000341DAC /* Ext+UIButton.swift */,
			);
			path = Extension;
			sourceTree = "<group>";
		};
		5136C3111DE6132000341DAC /* img */ = {
			isa = PBXGroup;
			children = (
				5136C3121DE6132000341DAC /* 1.png */,
				5136C3131DE6132000341DAC /* 2.png */,
				5136C3141DE6132000341DAC /* 3.png */,
			);
			path = img;
			sourceTree = "<group>";
		};
		5136C3151DE6132000341DAC /* Model */ = {
			isa = PBXGroup;
			children = (
				5136C3161DE6132000341DAC /* LSUserAccountModel.swift */,
				5136C3171DE6132000341DAC /* LSUserModel.swift */,
			);
			path = Model;
			sourceTree = "<group>";
		};
		5136C3191DE6132000341DAC /* View */ = {
			isa = PBXGroup;
			children = (
				5136C31A1DE6132000341DAC /* Controller */,
			);
			path = View;
			sourceTree = "<group>";
		};
		5136C31A1DE6132000341DAC /* Controller */ = {
			isa = PBXGroup;
			children = (
				5136C31B1DE6132000341DAC /* LSOAuthViewController.swift */,
			);
			path = Controller;
			sourceTree = "<group>";
		};
		5136C31C1DE6132000341DAC /* ViewModel */ = {
			isa = PBXGroup;
			children = (
				5136C31D1DE6132000341DAC /* LSUserAccountViewModel.swift */,
			);
			path = ViewModel;
			sourceTree = "<group>";
		};
		9A2DA74AEDDC9DFE9625921A /* Pods */ = {
			isa = PBXGroup;
			children = (
				9339BAC79CB24A29739CE361 /* Pods-LSOAuth.debug.xcconfig */,
				9E9AF75F350BE424F376ADAB /* Pods-LSOAuth.release.xcconfig */,
			);
			name = Pods;
			sourceTree = "<group>";
		};
		A338D41606444AA5A821EF73 /* Frameworks */ = {
			isa = PBXGroup;
			children = (
				1B226FDD8F8D2820304BE56B /* Pods_LSOAuth.framework */,
			);
			name = Frameworks;
			sourceTree = "<group>";
		};
/* End PBXGroup section */

/* Begin PBXNativeTarget section */
		5136C2F41DE6125600341DAC /* LSOAuth */ = {
			isa = PBXNativeTarget;
			buildConfigurationList = 5136C3071DE6125600341DAC /* Build configuration list for PBXNativeTarget "LSOAuth" */;
			buildPhases = (
				B2C8666BD94D879A5EF8FC36 /* [CP] Check Pods Manifest.lock */,
				5136C2F11DE6125600341DAC /* Sources */,
				5136C2F21DE6125600341DAC /* Frameworks */,
				5136C2F31DE6125600341DAC /* Resources */,
				2CF4B48E91A293F1AFCFF4E5 /* [CP] Embed Pods Frameworks */,
				C6B7E26DBDB9E3D0EB73DD64 /* [CP] Copy Pods Resources */,
			);
			buildRules = (
			);
			dependencies = (
			);
			name = LSOAuth;
			productName = LSOAuth;
			productReference = 5136C2F51DE6125600341DAC /* LSOAuth.app */;
			productType = "com.apple.product-type.application";
		};
/* End PBXNativeTarget section */

/* Begin PBXProject section */
		5136C2ED1DE6125600341DAC /* Project object */ = {
			isa = PBXProject;
			attributes = {
				LastSwiftUpdateCheck = 0810;
				LastUpgradeCheck = 0810;
				ORGANIZATIONNAME = lsrain;
				TargetAttributes = {
					5136C2F41DE6125600341DAC = {
						CreatedOnToolsVersion = 8.1;
						ProvisioningStyle = Automatic;
					};
				};
			};
			buildConfigurationList = 5136C2F01DE6125600341DAC /* Build configuration list for PBXProject "LSOAuth" */;
			compatibilityVersion = "Xcode 3.2";
			developmentRegion = English;
			hasScannedForEncodings = 0;
			knownRegions = (
				en,
				Base,
			);
			mainGroup = 5136C2EC1DE6125600341DAC;
			productRefGroup = 5136C2F61DE6125600341DAC /* Products */;
			projectDirPath = "";
			projectRoot = "";
			targets = (
				5136C2F41DE6125600341DAC /* LSOAuth */,
			);
		};
/* End PBXProject section */

/* Begin PBXResourcesBuildPhase section */
		5136C2F31DE6125600341DAC /* Resources */ = {
			isa = PBXResourcesBuildPhase;
			buildActionMask = 2147483647;
			files = (
				5136C3031DE6125600341DAC /* LaunchScreen.storyboard in Resources */,
				5136C3221DE6132000341DAC /* 1.png in Resources */,
				5136C3231DE6132000341DAC /* 2.png in Resources */,
				5136C3241DE6132000341DAC /* 3.png in Resources */,
				5136C3001DE6125600341DAC /* Assets.xcassets in Resources */,
				5136C2FE1DE6125600341DAC /* Main.storyboard in Resources */,
			);
			runOnlyForDeploymentPostprocessing = 0;
		};
/* End PBXResourcesBuildPhase section */

/* Begin PBXShellScriptBuildPhase section */
		2CF4B48E91A293F1AFCFF4E5 /* [CP] Embed Pods Frameworks */ = {
			isa = PBXShellScriptBuildPhase;
			buildActionMask = 2147483647;
			files = (
			);
			inputPaths = (
			);
			name = "[CP] Embed Pods Frameworks";
			outputPaths = (
			);
			runOnlyForDeploymentPostprocessing = 0;
			shellPath = /bin/sh;
			shellScript = "\"${SRCROOT}/Pods/Target Support Files/Pods-LSOAuth/Pods-LSOAuth-frameworks.sh\"\n";
			showEnvVarsInLog = 0;
		};
		B2C8666BD94D879A5EF8FC36 /* [CP] Check Pods Manifest.lock */ = {
			isa = PBXShellScriptBuildPhase;
			buildActionMask = 2147483647;
			files = (
			);
			inputPaths = (
			);
			name = "[CP] Check Pods Manifest.lock";
			outputPaths = (
			);
			runOnlyForDeploymentPostprocessing = 0;
			shellPath = /bin/sh;
			shellScript = "diff \"${PODS_ROOT}/../Podfile.lock\" \"${PODS_ROOT}/Manifest.lock\" > /dev/null\nif [[ $? != 0 ]] ; then\n    cat << EOM\nerror: The sandbox is not in sync with the Podfile.lock. Run 'pod install' or update your CocoaPods installation.\nEOM\n    exit 1\nfi\n";
			showEnvVarsInLog = 0;
		};
		C6B7E26DBDB9E3D0EB73DD64 /* [CP] Copy Pods Resources */ = {
			isa = PBXShellScriptBuildPhase;
			buildActionMask = 2147483647;
			files = (
			);
			inputPaths = (
			);
			name = "[CP] Copy Pods Resources";
			outputPaths = (
			);
			runOnlyForDeploymentPostprocessing = 0;
			shellPath = /bin/sh;
			shellScript = "\"${SRCROOT}/Pods/Target Support Files/Pods-LSOAuth/Pods-LSOAuth-resources.sh\"\n";
			showEnvVarsInLog = 0;
		};
/* End PBXShellScriptBuildPhase section */

/* Begin PBXSourcesBuildPhase section */
		5136C2F11DE6125600341DAC /* Sources */ = {
			isa = PBXSourcesBuildPhase;
			buildActionMask = 2147483647;
			files = (
				5136C2FB1DE6125600341DAC /* ViewController.swift in Sources */,
				5136C3271DE6132000341DAC /* readMe.md in Sources */,
				5136C3291DE6132000341DAC /* LSUserAccountViewModel.swift in Sources */,
				5136C3261DE6132000341DAC /* LSUserModel.swift in Sources */,
				5136C3201DE6132000341DAC /* Ext+UIButton.swift in Sources */,
				5136C2F91DE6125600341DAC /* AppDelegate.swift in Sources */,
				5136C3251DE6132000341DAC /* LSUserAccountModel.swift in Sources */,
				5136C3211DE6132000341DAC /* LSNetworkTools.swift in Sources */,
				5136C3281DE6132000341DAC /* LSOAuthViewController.swift in Sources */,
				5136C31F1DE6132000341DAC /* Ext+UIBarButtonItem.swift in Sources */,
				5136C31E1DE6132000341DAC /* CommonTools.swift in Sources */,
			);
			runOnlyForDeploymentPostprocessing = 0;
		};
/* End PBXSourcesBuildPhase section */

/* Begin PBXVariantGroup section */
		5136C2FC1DE6125600341DAC /* Main.storyboard */ = {
			isa = PBXVariantGroup;
			children = (
				5136C2FD1DE6125600341DAC /* Base */,
			);
			name = Main.storyboard;
			sourceTree = "<group>";
		};
		5136C3011DE6125600341DAC /* LaunchScreen.storyboard */ = {
			isa = PBXVariantGroup;
			children = (
				5136C3021DE6125600341DAC /* Base */,
			);
			name = LaunchScreen.storyboard;
			sourceTree = "<group>";
		};
/* End PBXVariantGroup section */

/* Begin XCBuildConfiguration section */
		5136C3051DE6125600341DAC /* Debug */ = {
			isa = XCBuildConfiguration;
			buildSettings = {
				ALWAYS_SEARCH_USER_PATHS = NO;
				CLANG_ANALYZER_NONNULL = YES;
				CLANG_CXX_LANGUAGE_STANDARD = "gnu++0x";
				CLANG_CXX_LIBRARY = "libc++";
				CLANG_ENABLE_MODULES = YES;
				CLANG_ENABLE_OBJC_ARC = YES;
				CLANG_WARN_BOOL_CONVERSION = YES;
				CLANG_WARN_CONSTANT_CONVERSION = YES;
				CLANG_WARN_DIRECT_OBJC_ISA_USAGE = YES_ERROR;
				CLANG_WARN_DOCUMENTATION_COMMENTS = YES;
				CLANG_WARN_EMPTY_BODY = YES;
				CLANG_WARN_ENUM_CONVERSION = YES;
				CLANG_WARN_INFINITE_RECURSION = YES;
				CLANG_WARN_INT_CONVERSION = YES;
				CLANG_WARN_OBJC_ROOT_CLASS = YES_ERROR;
				CLANG_WARN_SUSPICIOUS_MOVES = YES;
				CLANG_WARN_UNREACHABLE_CODE = YES;
				CLANG_WARN__DUPLICATE_METHOD_MATCH = YES;
				"CODE_SIGN_IDENTITY[sdk=iphoneos*]" = "iPhone Developer";
				COPY_PHASE_STRIP = NO;
				DEBUG_INFORMATION_FORMAT = dwarf;
				ENABLE_STRICT_OBJC_MSGSEND = YES;
				ENABLE_TESTABILITY = YES;
				GCC_C_LANGUAGE_STANDARD = gnu99;
				GCC_DYNAMIC_NO_PIC = NO;
				GCC_NO_COMMON_BLOCKS = YES;
				GCC_OPTIMIZATION_LEVEL = 0;
				GCC_PREPROCESSOR_DEFINITIONS = (
					"DEBUG=1",
					"$(inherited)",
				);
				GCC_WARN_64_TO_32_BIT_CONVERSION = YES;
				GCC_WARN_ABOUT_RETURN_TYPE = YES_ERROR;
				GCC_WARN_UNDECLARED_SELECTOR = YES;
				GCC_WARN_UNINITIALIZED_AUTOS = YES_AGGRESSIVE;
				GCC_WARN_UNUSED_FUNCTION = YES;
				GCC_WARN_UNUSED_VARIABLE = YES;
				IPHONEOS_DEPLOYMENT_TARGET = 10.1;
				MTL_ENABLE_DEBUG_INFO = YES;
				ONLY_ACTIVE_ARCH = YES;
				SDKROOT = iphoneos;
				SWIFT_ACTIVE_COMPILATION_CONDITIONS = DEBUG;
				SWIFT_OPTIMIZATION_LEVEL = "-Onone";
				TARGETED_DEVICE_FAMILY = "1,2";
			};
			name = Debug;
		};
		5136C3061DE6125600341DAC /* Release */ = {
			isa = XCBuildConfiguration;
			buildSettings = {
				ALWAYS_SEARCH_USER_PATHS = NO;
				CLANG_ANALYZER_NONNULL = YES;
				CLANG_CXX_LANGUAGE_STANDARD = "gnu++0x";
				CLANG_CXX_LIBRARY = "libc++";
				CLANG_ENABLE_MODULES = YES;
				CLANG_ENABLE_OBJC_ARC = YES;
				CLANG_WARN_BOOL_CONVERSION = YES;
				CLANG_WARN_CONSTANT_CONVERSION = YES;
				CLANG_WARN_DIRECT_OBJC_ISA_USAGE = YES_ERROR;
				CLANG_WARN_DOCUMENTATION_COMMENTS = YES;
				CLANG_WARN_EMPTY_BODY = YES;
				CLANG_WARN_ENUM_CONVERSION = YES;
				CLANG_WARN_INFINITE_RECURSION = YES;
				CLANG_WARN_INT_CONVERSION = YES;
				CLANG_WARN_OBJC_ROOT_CLASS = YES_ERROR;
				CLANG_WARN_SUSPICIOUS_MOVES = YES;
				CLANG_WARN_UNREACHABLE_CODE = YES;
				CLANG_WARN__DUPLICATE_METHOD_MATCH = YES;
				"CODE_SIGN_IDENTITY[sdk=iphoneos*]" = "iPhone Developer";
				COPY_PHASE_STRIP = NO;
				DEBUG_INFORMATION_FORMAT = "dwarf-with-dsym";
				ENABLE_NS_ASSERTIONS = NO;
				ENABLE_STRICT_OBJC_MSGSEND = YES;
				GCC_C_LANGUAGE_STANDARD = gnu99;
				GCC_NO_COMMON_BLOCKS = YES;
				GCC_WARN_64_TO_32_BIT_CONVERSION = YES;
				GCC_WARN_ABOUT_RETURN_TYPE = YES_ERROR;
				GCC_WARN_UNDECLARED_SELECTOR = YES;
				GCC_WARN_UNINITIALIZED_AUTOS = YES_AGGRESSIVE;
				GCC_WARN_UNUSED_FUNCTION = YES;
				GCC_WARN_UNUSED_VARIABLE = YES;
				IPHONEOS_DEPLOYMENT_TARGET = 10.1;
				MTL_ENABLE_DEBUG_INFO = NO;
				SDKROOT = iphoneos;
				SWIFT_OPTIMIZATION_LEVEL = "-Owholemodule";
				TARGETED_DEVICE_FAMILY = "1,2";
				VALIDATE_PRODUCT = YES;
			};
			name = Release;
		};
		5136C3081DE6125600341DAC /* Debug */ = {
			isa = XCBuildConfiguration;
			baseConfigurationReference = 9339BAC79CB24A29739CE361 /* Pods-LSOAuth.debug.xcconfig */;
			buildSettings = {
				ASSETCATALOG_COMPILER_APPICON_NAME = AppIcon;
				INFOPLIST_FILE = LSOAuth/Info.plist;
				LD_RUNPATH_SEARCH_PATHS = "$(inherited) @executable_path/Frameworks";
				PRODUCT_BUNDLE_IDENTIFIER = com.lsrain.LSOAuth;
				PRODUCT_NAME = "$(TARGET_NAME)";
				SWIFT_VERSION = 3.0;
			};
			name = Debug;
		};
		5136C3091DE6125600341DAC /* Release */ = {
			isa = XCBuildConfiguration;
			baseConfigurationReference = 9E9AF75F350BE424F376ADAB /* Pods-LSOAuth.release.xcconfig */;
			buildSettings = {
				ASSETCATALOG_COMPILER_APPICON_NAME = AppIcon;
				INFOPLIST_FILE = LSOAuth/Info.plist;
				LD_RUNPATH_SEARCH_PATHS = "$(inherited) @executable_path/Frameworks";
				PRODUCT_BUNDLE_IDENTIFIER = com.lsrain.LSOAuth;
				PRODUCT_NAME = "$(TARGET_NAME)";
				SWIFT_VERSION = 3.0;
			};
			name = Release;
		};
/* End XCBuildConfiguration section */

/* Begin XCConfigurationList section */
		5136C2F01DE6125600341DAC /* Build configuration list for PBXProject "LSOAuth" */ = {
			isa = XCConfigurationList;
			buildConfigurations = (
				5136C3051DE6125600341DAC /* Debug */,
				5136C3061DE6125600341DAC /* Release */,
			);
			defaultConfigurationIsVisible = 0;
			defaultConfigurationName = Release;
		};
		5136C3071DE6125600341DAC /* Build configuration list for PBXNativeTarget "LSOAuth" */ = {
			isa = XCConfigurationList;
			buildConfigurations = (
				5136C3081DE6125600341DAC /* Debug */,
				5136C3091DE6125600341DAC /* Release */,
			);
			defaultConfigurationIsVisible = 0;
			defaultConfigurationName = Release;
		};
/* End XCConfigurationList section */
	};
	rootObject = 5136C2ED1DE6125600341DAC /* Project object */;
}
